{
  "name": "js-examples",
  "version": "1.0.0",
  "lockfileVersion": 1,
  "requires": true,
  "dependencies": {
    "tslib": {
      "version": "2.1.0",
      "resolved": "https://artifactory.rewe.local:443/artifactory/api/npm/npm/tslib/-/tslib-2.1.0.tgz",
      "integrity": "sha1-2mCGDxwuyqVwOrfTm8Bba/mIuXo="
    },
    "zone.js": {
      "version": "0.11.3",
      "resolved": "https://artifactory.rewe.local:443/artifactory/api/npm/npm/zone.js/-/zone.js-0.11.3.tgz",
      "integrity": "sha1-JVpjExdHMcwBTWMjPvBP2YWNo3U=",
      "requires": {
        "tslib": "^2.0.0"
      }
    }
  }
}
